# This file is autogenerated, do not edit; changes may be undone by the next 'dep ensure'.


[[projects]]
  name = "gopkg.in/vexlink/vexlink.v0"
  packages = ["."]
  revision = "c2878548ab4639c3bca2621ac4e8d7a093537586"
  version = "v0.0.0"

[solve-meta]
  analyzer-name = "dep"
  analyzer-version = 1
  inputs-digest = "8d36bbad8e678207caf3744d1b5f900d5e8809647a9f13b9d224a8bf00662845"
  solver-name = "gps-cdcl"
  solver-version = 1
