# This file is autogenerated, do not edit; changes may be undone by the next 'dep ensure'.


[[projects]]
  branch = "master"
  name = "github.com/vexlink/vexlink"
  packages = ["."]
  revision = "c2878548ab4639c3bca2621ac4e8d7a093537586"

[solve-meta]
  analyzer-name = "dep"
  analyzer-version = 1
  inputs-digest = "5817c5bed02f2b83978e1c87eda370a9a212978d1841a49aacc3cdc3402d4dde"
  solver-name = "gps-cdcl"
  solver-version = 1
